
Microsoft Visual Studio Solution File, Format Version 12.00
# Visual Studio Version 17
VisualStudioVersion = 17.13.35931.197 d17.13
MinimumVisualStudioVersion = 10.0.40219.1
Project("{FAE04EC0-301F-11D3-BF4B-00C04F79EFBC}") = "RealTimeStockSimulator", "RealTimeStockSimulator\RealTimeStockSimulator.csproj", "{DFFCB1B5-2AB8-403B-A7E3-C248358FADD5}"
EndProject
Global
	GlobalSection(SolutionConfigurationPlatforms) = preSolution
		Debug|Any CPU = Debug|Any CPU
		Release|Any CPU = Release|Any CPU
	EndGlobalSection
	GlobalSection(ProjectConfigurationPlatforms) = postSolution
		{DFFCB1B5-2AB8-403B-A7E3-C248358FADD5}.Debug|Any CPU.ActiveCfg = Debug|Any CPU
		{DFFCB1B5-2AB8-403B-A7E3-C248358FADD5}.Debug|Any CPU.Build.0 = Debug|Any CPU
		{DFFCB1B5-2AB8-403B-A7E3-C248358FADD5}.Release|Any CPU.ActiveCfg = Release|Any CPU
		{DFFCB1B5-2AB8-403B-A7E3-C248358FADD5}.Release|Any CPU.Build.0 = Release|Any CPU
	EndGlobalSection
	GlobalSection(SolutionProperties) = preSolution
		HideSolutionNode = FALSE
	EndGlobalSection
	GlobalSection(ExtensibilityGlobals) = postSolution
		SolutionGuid = {CEED25CB-D390-40F2-ACD4-B5096EE46F2B}
	EndGlobalSection
EndGlobal
